
Microsoft Visual Studio Solution File, Format Version 12.00
# Visual Studio 15
VisualStudioVersion = 15.0.26228.4
MinimumVisualStudioVersion = 10.0.40219.1
Project("{2150E333-8FDC-42A3-9474-1A3956D46DE8}") = "src", "src", "{C2E07629-9FE1-4849-8D01-26ADA1437A7E}"
EndProject
Project("{2150E333-8FDC-42A3-9474-1A3956D46DE8}") = "Solution Items", "Solution Items", "{75CDFB2C-31A8-444F-BD20-089FE589B4AB}"
	ProjectSection(SolutionItems) = preProject
		README.md = README.md
	EndProjectSection
EndProject
Project("{9A19103F-16F7-4668-BE54-9A1E7A4F7556}") = "Microsoft.AspNetCore.ApiWidgets", "src\Microsoft.AspNetCore.ApiWidgets\Microsoft.AspNetCore.ApiWidgets.csproj", "{A3C019D4-6131-4276-911D-66373098E970}"
EndProject
Project("{9A19103F-16F7-4668-BE54-9A1E7A4F7556}") = "Host", "src\Host\Host.csproj", "{58B79D1C-1B6A-48C5-ACB2-5A6C3C3A09F6}"
EndProject
Global
	GlobalSection(SolutionConfigurationPlatforms) = preSolution
		Debug|Any CPU = Debug|Any CPU
		Release|Any CPU = Release|Any CPU
	EndGlobalSection
	GlobalSection(ProjectConfigurationPlatforms) = postSolution
		{A3C019D4-6131-4276-911D-66373098E970}.Debug|Any CPU.ActiveCfg = Debug|Any CPU
		{A3C019D4-6131-4276-911D-66373098E970}.Debug|Any CPU.Build.0 = Debug|Any CPU
		{A3C019D4-6131-4276-911D-66373098E970}.Release|Any CPU.ActiveCfg = Release|Any CPU
		{A3C019D4-6131-4276-911D-66373098E970}.Release|Any CPU.Build.0 = Release|Any CPU
		{58B79D1C-1B6A-48C5-ACB2-5A6C3C3A09F6}.Debug|Any CPU.ActiveCfg = Debug|Any CPU
		{58B79D1C-1B6A-48C5-ACB2-5A6C3C3A09F6}.Debug|Any CPU.Build.0 = Debug|Any CPU
		{58B79D1C-1B6A-48C5-ACB2-5A6C3C3A09F6}.Release|Any CPU.ActiveCfg = Release|Any CPU
		{58B79D1C-1B6A-48C5-ACB2-5A6C3C3A09F6}.Release|Any CPU.Build.0 = Release|Any CPU
	EndGlobalSection
	GlobalSection(SolutionProperties) = preSolution
		HideSolutionNode = FALSE
	EndGlobalSection
	GlobalSection(NestedProjects) = preSolution
		{A3C019D4-6131-4276-911D-66373098E970} = {C2E07629-9FE1-4849-8D01-26ADA1437A7E}
		{58B79D1C-1B6A-48C5-ACB2-5A6C3C3A09F6} = {C2E07629-9FE1-4849-8D01-26ADA1437A7E}
	EndGlobalSection
EndGlobal
